{
  "name": "bitcoin-transaction",
  "version": "1.0.0",
  "lockfileVersion": 1,
  "requires": true,
  "dependencies": {
    "asynckit": {
      "version": "0.4.0",
      "resolved": "https://registry.npmjs.org/asynckit/-/asynckit-0.4.0.tgz",
      "integrity": "sha1-x57Zf380y48robyXkLzDZkdLS3k="
    },
    "base-x": {
      "version": "3.0.2",
      "resolved": "https://registry.npmjs.org/base-x/-/base-x-3.0.2.tgz",
      "integrity": "sha1-v4c4YbdRQnm3lp80CSnquHwR0TA=",
      "requires": {
        "safe-buffer": "5.1.1"
      }
    },
    "bech32": {
      "version": "0.0.3",
      "resolved": "https://registry.npmjs.org/bech32/-/bech32-0.0.3.tgz",
      "integrity": "sha512-O+K1w8P/aAOLcYwwQ4sbiPYZ51ZIW95lnS4/6nE8Aib/z+OOddQIIPdu2qi94qGDp4HhYy/wJotttXKkak1lXg=="
    },
    "bigi": {
      "version": "1.4.2",
      "resolved": "https://registry.npmjs.org/bigi/-/bigi-1.4.2.tgz",
      "integrity": "sha1-nGZalfiLiwj8Bc/XMfVhhZ1yWCU="
    },
    "bip66": {
      "version": "1.1.5",
      "resolved": "https://registry.npmjs.org/bip66/-/bip66-1.1.5.tgz",
      "integrity": "sha1-AfqHSHhcpwlV1QESF9GzE5lpyiI=",
      "requires": {
        "safe-buffer": "5.1.1"
      }
    },
    "bitcoin-ops": {
      "version": "1.3.0",
      "resolved": "https://registry.npmjs.org/bitcoin-ops/-/bitcoin-ops-1.3.0.tgz",
      "integrity": "sha1-axJrWFU3vGebAu1JnxRFDP/DfhM="
    },
    "bitcoinjs-lib": {
      "version": "3.3.0",
      "resolved": "https://registry.npmjs.org/bitcoinjs-lib/-/bitcoinjs-lib-3.3.0.tgz",
      "integrity": "sha512-y53YG3xPD7nEaI9tRRZMKg6VQvIzntVs7tet0XETTk4uv1ckfZeuxtSZ1jNTRIMZc6iFypUNrpTcpPdOXBKJtA==",
      "requires": {
        "bech32": "0.0.3",
        "bigi": "1.4.2",
        "bip66": "1.1.5",
        "bitcoin-ops": "1.3.0",
        "bs58check": "2.0.2",
        "create-hash": "1.1.3",
        "create-hmac": "1.1.6",
        "ecurve": "1.0.5",
        "merkle-lib": "2.0.10",
        "pushdata-bitcoin": "1.0.1",
        "randombytes": "2.0.5",
        "safe-buffer": "5.1.1",
        "typeforce": "1.11.5",
        "varuint-bitcoin": "1.0.4",
        "wif": "2.0.6"
      }
    },
    "bs58": {
      "version": "4.0.1",
      "resolved": "https://registry.npmjs.org/bs58/-/bs58-4.0.1.tgz",
      "integrity": "sha1-vhYedsNU9veIrkBx9j806MTwpCo=",
      "requires": {
        "base-x": "3.0.2"
      }
    },
    "bs58check": {
      "version": "2.0.2",
      "resolved": "https://registry.npmjs.org/bs58check/-/bs58check-2.0.2.tgz",
      "integrity": "sha1-BvY7AcL6YXMDPJDrh/H+PS4T2Jo=",
      "requires": {
        "bs58": "4.0.1",
        "create-hash": "1.1.3"
      }
    },
    "cipher-base": {
      "version": "1.0.4",
      "resolved": "https://registry.npmjs.org/cipher-base/-/cipher-base-1.0.4.tgz",
      "integrity": "sha512-Kkht5ye6ZGmwv40uUDZztayT2ThLQGfnj/T71N/XzeZeo3nf8foyW7zGTsPYkEya3m5f3cAypH+qe7YOrM1U2Q==",
      "requires": {
        "inherits": "2.0.3",
        "safe-buffer": "5.1.1"
      }
    },
    "combined-stream": {
      "version": "1.0.5",
      "resolved": "https://registry.npmjs.org/combined-stream/-/combined-stream-1.0.5.tgz",
      "integrity": "sha1-k4NwpXtKUd6ix3wV1cX9+JUWQAk=",
      "requires": {
        "delayed-stream": "1.0.0"
      }
    },
    "component-emitter": {
      "version": "1.2.1",
      "resolved": "https://registry.npmjs.org/component-emitter/-/component-emitter-1.2.1.tgz",
      "integrity": "sha1-E3kY1teCg/ffemt8WmPhQOaUJeY="
    },
    "cookiejar": {
      "version": "2.1.1",
      "resolved": "https://registry.npmjs.org/cookiejar/-/cookiejar-2.1.1.tgz",
      "integrity": "sha1-Qa1XsbVVlR7BcUEqgZQrHoIA00o="
    },
    "core-util-is": {
      "version": "1.0.2",
      "resolved": "https://registry.npmjs.org/core-util-is/-/core-util-is-1.0.2.tgz",
      "integrity": "sha1-tf1UIgqivFq1eqtxQMlAdUUDwac="
    },
    "create-hash": {
      "version": "1.1.3",
      "resolved": "https://registry.npmjs.org/create-hash/-/create-hash-1.1.3.tgz",
      "integrity": "sha1-YGBCrIuSYnUPSDyt2rD1gZFy2P0=",
      "requires": {
        "cipher-base": "1.0.4",
        "inherits": "2.0.3",
        "ripemd160": "2.0.1",
        "sha.js": "2.4.9"
      }
    },
    "create-hmac": {
      "version": "1.1.6",
      "resolved": "https://registry.npmjs.org/create-hmac/-/create-hmac-1.1.6.tgz",
      "integrity": "sha1-rLniIaThe9sHbpBlfEK5PjcmzwY=",
      "requires": {
        "cipher-base": "1.0.4",
        "create-hash": "1.1.3",
        "inherits": "2.0.3",
        "ripemd160": "2.0.1",
        "safe-buffer": "5.1.1",
        "sha.js": "2.4.9"
      }
    },
    "debug": {
      "version": "3.1.0",
      "resolved": "https://registry.npmjs.org/debug/-/debug-3.1.0.tgz",
      "integrity": "sha512-OX8XqP7/1a9cqkxYw2yXss15f26NKWBpDXQd0/uK/KPqdQhxbPa994hnzjcE2VqQpDslf55723cKPUOGSmMY3g==",
      "requires": {
        "ms": "2.0.0"
      }
    },
    "delayed-stream": {
      "version": "1.0.0",
      "resolved": "https://registry.npmjs.org/delayed-stream/-/delayed-stream-1.0.0.tgz",
      "integrity": "sha1-3zrhmayt+31ECqrgsp4icrJOxhk="
    },
    "ecurve": {
      "version": "1.0.5",
      "resolved": "https://registry.npmjs.org/ecurve/-/ecurve-1.0.5.tgz",
      "integrity": "sha1-0Ujo/lCmdPmDu1uuCdoOoj4QU14=",
      "requires": {
        "bigi": "1.4.2"
      }
    },
    "extend": {
      "version": "3.0.1",
      "resolved": "https://registry.npmjs.org/extend/-/extend-3.0.1.tgz",
      "integrity": "sha1-p1Xqe8Gt/MWjHOfnYtuq3F5jZEQ="
    },
    "form-data": {
      "version": "2.3.1",
      "resolved": "https://registry.npmjs.org/form-data/-/form-data-2.3.1.tgz",
      "integrity": "sha1-b7lPvXGIUwbXPRXMSX/kzE7NRL8=",
      "requires": {
        "asynckit": "0.4.0",
        "combined-stream": "1.0.5",
        "mime-types": "2.1.17"
      }
    },
    "formidable": {
      "version": "1.1.1",
      "resolved": "https://registry.npmjs.org/formidable/-/formidable-1.1.1.tgz",
      "integrity": "sha1-lriIb3w8NQi5Mta9cMTTqI818ak="
    },
    "hash-base": {
      "version": "2.0.2",
      "resolved": "https://registry.npmjs.org/hash-base/-/hash-base-2.0.2.tgz",
      "integrity": "sha1-ZuodhW206KVHDK32/OI65SRO8uE=",
      "requires": {
        "inherits": "2.0.3"
      }
    },
    "inherits": {
      "version": "2.0.3",
      "resolved": "https://registry.npmjs.org/inherits/-/inherits-2.0.3.tgz",
      "integrity": "sha1-Yzwsg+PaQqUC9SRmAiSA9CCCYd4="
    },
    "isarray": {
      "version": "1.0.0",
      "resolved": "https://registry.npmjs.org/isarray/-/isarray-1.0.0.tgz",
      "integrity": "sha1-u5NdSFgsuhaMBoNJV6VKPgcSTxE="
    },
    "merkle-lib": {
      "version": "2.0.10",
      "resolved": "https://registry.npmjs.org/merkle-lib/-/merkle-lib-2.0.10.tgz",
      "integrity": "sha1-grjbrnXieneFOItz+ddyXQ9vMyY="
    },
    "methods": {
      "version": "1.1.2",
      "resolved": "https://registry.npmjs.org/methods/-/methods-1.1.2.tgz",
      "integrity": "sha1-VSmk1nZUE07cxSZmVoNbD4Ua/O4="
    },
    "mime": {
      "version": "1.4.1",
      "resolved": "https://registry.npmjs.org/mime/-/mime-1.4.1.tgz",
      "integrity": "sha512-KI1+qOZu5DcW6wayYHSzR/tXKCDC5Om4s1z2QJjDULzLcmf3DvzS7oluY4HCTrc+9FiKmWUgeNLg7W3uIQvxtQ=="
    },
    "mime-db": {
      "version": "1.30.0",
      "resolved": "https://registry.npmjs.org/mime-db/-/mime-db-1.30.0.tgz",
      "integrity": "sha1-dMZD2i3Z1qRTmZY0ZbJtXKfXHwE="
    },
    "mime-types": {
      "version": "2.1.17",
      "resolved": "https://registry.npmjs.org/mime-types/-/mime-types-2.1.17.tgz",
      "integrity": "sha1-Cdejk/A+mVp5+K+Fe3Cp4KsWVXo=",
      "requires": {
        "mime-db": "1.30.0"
      }
    },
    "ms": {
      "version": "2.0.0",
      "resolved": "https://registry.npmjs.org/ms/-/ms-2.0.0.tgz",
      "integrity": "sha1-VgiurfwAvmwpAd9fmGF4jeDVl8g="
    },
    "process-nextick-args": {
      "version": "1.0.7",
      "resolved": "https://registry.npmjs.org/process-nextick-args/-/process-nextick-args-1.0.7.tgz",
      "integrity": "sha1-FQ4gt1ZZCtP5EJPyWk8q2L/zC6M="
    },
    "pushdata-bitcoin": {
      "version": "1.0.1",
      "resolved": "https://registry.npmjs.org/pushdata-bitcoin/-/pushdata-bitcoin-1.0.1.tgz",
      "integrity": "sha1-FZMdPNlnreUiBvUjqnMxrvfUOvc=",
      "requires": {
        "bitcoin-ops": "1.3.0"
      }
    },
    "qs": {
      "version": "6.5.1",
      "resolved": "https://registry.npmjs.org/qs/-/qs-6.5.1.tgz",
      "integrity": "sha512-eRzhrN1WSINYCDCbrz796z37LOe3m5tmW7RQf6oBntukAG1nmovJvhnwHHRMAfeoItc1m2Hk02WER2aQ/iqs+A=="
    },
    "randombytes": {
      "version": "2.0.5",
      "resolved": "https://registry.npmjs.org/randombytes/-/randombytes-2.0.5.tgz",
      "integrity": "sha512-8T7Zn1AhMsQ/HI1SjcCfT/t4ii3eAqco3yOcSzS4mozsOz69lHLsoMXmF9nZgnFanYscnSlUSgs8uZyKzpE6kg==",
      "requires": {
        "safe-buffer": "5.1.1"
      }
    },
    "readable-stream": {
      "version": "2.3.3",
      "resolved": "https://registry.npmjs.org/readable-stream/-/readable-stream-2.3.3.tgz",
      "integrity": "sha512-m+qzzcn7KUxEmd1gMbchF+Y2eIUbieUaxkWtptyHywrX0rE8QEYqPC07Vuy4Wm32/xE16NcdBctb8S0Xe/5IeQ==",
      "requires": {
        "core-util-is": "1.0.2",
        "inherits": "2.0.3",
        "isarray": "1.0.0",
        "process-nextick-args": "1.0.7",
        "safe-buffer": "5.1.1",
        "string_decoder": "1.0.3",
        "util-deprecate": "1.0.2"
      }
    },
    "ripemd160": {
      "version": "2.0.1",
      "resolved": "https://registry.npmjs.org/ripemd160/-/ripemd160-2.0.1.tgz",
      "integrity": "sha1-D0WEKVxTo2KK9+bXmsohzlfRxuc=",
      "requires": {
        "hash-base": "2.0.2",
        "inherits": "2.0.3"
      }
    },
    "safe-buffer": {
      "version": "5.1.1",
      "resolved": "https://registry.npmjs.org/safe-buffer/-/safe-buffer-5.1.1.tgz",
      "integrity": "sha512-kKvNJn6Mm93gAczWVJg7wH+wGYWNrDHdWvpUmHyEsgCtIwwo3bqPtV4tR5tuPaUhTOo/kvhVwd8XwwOllGYkbg=="
    },
    "sha.js": {
      "version": "2.4.9",
      "resolved": "https://registry.npmjs.org/sha.js/-/sha.js-2.4.9.tgz",
      "integrity": "sha512-G8zektVqbiPHrylgew9Zg1VRB1L/DtXNUVAM6q4QLy8NE3qtHlFXTf8VLL4k1Yl6c7NMjtZUTdXV+X44nFaT6A==",
      "requires": {
        "inherits": "2.0.3",
        "safe-buffer": "5.1.1"
      }
    },
    "string_decoder": {
      "version": "1.0.3",
      "resolved": "https://registry.npmjs.org/string_decoder/-/string_decoder-1.0.3.tgz",
      "integrity": "sha512-4AH6Z5fzNNBcH+6XDMfA/BTt87skxqJlO0lAh3Dker5zThcAxG6mKz+iGu308UKoPPQ8Dcqx/4JhujzltRa+hQ==",
      "requires": {
        "safe-buffer": "5.1.1"
      }
    },
    "superagent": {
      "version": "3.8.0",
      "resolved": "https://registry.npmjs.org/superagent/-/superagent-3.8.0.tgz",
      "integrity": "sha512-71XGWgtn70TNwgmgYa69dPOYg55aU9FCahjUNY03rOrKvaTCaU3b9MeZmqonmf9Od96SCxr3vGfEAnhM7dtxCw==",
      "requires": {
        "component-emitter": "1.2.1",
        "cookiejar": "2.1.1",
        "debug": "3.1.0",
        "extend": "3.0.1",
        "form-data": "2.3.1",
        "formidable": "1.1.1",
        "methods": "1.1.2",
        "mime": "1.4.1",
        "qs": "6.5.1",
        "readable-stream": "2.3.3"
      }
    },
    "typeforce": {
      "version": "1.11.5",
      "resolved": "https://registry.npmjs.org/typeforce/-/typeforce-1.11.5.tgz",
      "integrity": "sha512-Glwf7h3CW1YaQrLVeNnMg6KumszBe4adBccF4Ukc8J3nkdgapEkpiMdoPTv3APoqMva3mNN4ZFklGaPNvRfiMQ=="
    },
    "util-deprecate": {
      "version": "1.0.2",
      "resolved": "https://registry.npmjs.org/util-deprecate/-/util-deprecate-1.0.2.tgz",
      "integrity": "sha1-RQ1Nyfpw3nMnYvvS1KKJgUGaDM8="
    },
    "varuint-bitcoin": {
      "version": "1.0.4",
      "resolved": "https://registry.npmjs.org/varuint-bitcoin/-/varuint-bitcoin-1.0.4.tgz",
      "integrity": "sha1-2BLF2uFuMvYFRLat7h1L4TB9AoM="
    },
    "wif": {
      "version": "2.0.6",
      "resolved": "https://registry.npmjs.org/wif/-/wif-2.0.6.tgz",
      "integrity": "sha1-CNP1IFbGZnkplyb63g1DKudLRwQ=",
      "requires": {
        "bs58check": "2.0.2"
      }
    }
  }
}
